
Microsoft Visual Studio Solution File, Format Version 12.00
# Visual Studio Version 16
VisualStudioVersion = 16.0.31729.503
MinimumVisualStudioVersion = 10.0.40219.1
Project("{FAE04EC0-301F-11D3-BF4B-00C04F79EFBC}") = "AppMvc", "AppMvc\AppMvc.csproj", "{BB8F0E62-5625-485B-B13C-D968B76B10CF}"
EndProject
Global
	GlobalSection(SolutionConfigurationPlatforms) = preSolution
		Debug|Any CPU = Debug|Any CPU
		Release|Any CPU = Release|Any CPU
	EndGlobalSection
	GlobalSection(ProjectConfigurationPlatforms) = postSolution
		{BB8F0E62-5625-485B-B13C-D968B76B10CF}.Debug|Any CPU.ActiveCfg = Debug|Any CPU
		{BB8F0E62-5625-485B-B13C-D968B76B10CF}.Debug|Any CPU.Build.0 = Debug|Any CPU
		{BB8F0E62-5625-485B-B13C-D968B76B10CF}.Release|Any CPU.ActiveCfg = Release|Any CPU
		{BB8F0E62-5625-485B-B13C-D968B76B10CF}.Release|Any CPU.Build.0 = Release|Any CPU
	EndGlobalSection
	GlobalSection(SolutionProperties) = preSolution
		HideSolutionNode = FALSE
	EndGlobalSection
	GlobalSection(ExtensibilityGlobals) = postSolution
		SolutionGuid = {F86305BB-4869-4CAD-BF4A-FEC38982DF41}
	EndGlobalSection
EndGlobal
